pocket-linux-patch-series-v1
upstream-tree	a25d6a94ad99aa059aa6dc728c45052fb2968352
upstream-manifest	904af608b9cfcfad86faab7a69acf8128d1ea838d2bb1201e4a31b92c7d68223
patch	0001-um-arm-pdeathsig-before-stub-exec.patch	48df4d23ef956c3a17aaea1ce97e8300573997cb084da68e6d668905cd140496	arch/um/os-Linux/skas/process.c	100644	d6c22f8aa06d1ccfa16e252887bc4a4365f161c8	aced69dc4aab3637af2e8845394e12b24403baa9
patch	0002-um-expose-accepted-physmem-bytes.patch	5007753bf094b766216bcce3911170bed34fd32a704405e2a06e4a95df6d2f51	arch/um/kernel/um_arch.c	100644	2141f5f1f5a2057bac5b7e8e3fa93b25911b234c	6c6cea0fb11be484890df7f61bb5b3acf5052b5f
patch	0003-um-drop-free-irqs-from-the-sigio-handler.patch	3202a20f50f547009f704c464430aa51f38f9dafcec48e1b2fa4c1cc9b473729	arch/um/kernel/irq.c	100644	ddfd6e9bd8c7797f4ef67261f70caa5c673b6eb9	f421e2ed23f00eaba9c82f9464340f94db84dab6
patch	0004-um-chan-free-channel-irqs-in-process-context.patch	90ca3242df4281a4f93b43c0a3abf574efb6c5a1bf81eb73803133748a7a1675	arch/um/drivers/chan_kern.c	100644	db2bb032be30e3ab6e3241eff248f033829af6ff	03407fda3f2e08d1d5ab6c9bd275532b80e6108e
patch	0005-um-remove-the-unused-free-irqs-declaration.patch	a6de4b9d2d32ba9c4d7acefd6a40be16b5ea090b0d3b98a660951540cefddacf	arch/um/include/shared/irq_kern.h	100644	44357fa6ee29c37af8d03e866ad3da3656de605f	f2dc817abb7cb8e918f1e34d4bbe12c2ffd0a826
patched-tree	72a9bfeef8f112701291b141b37d16a4d55648b3
patched-manifest	06f554fae053473ad4953f148a149cbbeb75623a2c215fbcbaaba3eccfdb8b61
