pocket-linux-patch-overlay-v1
base-tree	8afe7ef519c031ab21fbbd78ccf6b53fcef038ba
base-manifest	951088deef3bcfcb589d956cf228be3cf93aec8e278adf85a2887846737a7c4d
patch	0001-modpost-name-the-arm-relocations-old-elf-h-omits.patch	6616b2a33e59406744ea346efa825f9edbc1d56427d50ab85c281e8d8831befd	scripts/mod/modpost.h	100644	2aecb8f25c87ec8837ae8b9e476227ad53b5c7d2	59bd292d7dd391c68a692234fc5091a11de59d59
patch	0002-gen-init-cpio-decline-copy-file-range-without-a-wrapper.patch	148ad9219fbab134c233a54ca14fc2bbcec7bdb3fd1b4e02e7b82cef99468a12	usr/gen_init_cpio.c	100644	b7296edc6626fb0cf7c709082797d1e6a7376d6e	a2e7bad8b87f05a18fc8d5be8d38c69cfb911eb3
patch	0003-um-define-ptrace-sysemu-for-headers-that-omit-it.patch	f25206fac757a9e7aba7a9b8736e56769c68db15a2bafecb6482f8e79b0fb240	arch/x86/um/shared/sysdep/ptrace_user.h	100644	98da23120538618a2cd98825a35cf057c62449b2	fc0e5d067cc9b0082274a5ab42e9d387951440e1
patch	0004-um-call-gettid-directly-where-libc-has-no-wrapper.patch	c0b9e0130dbd6d541e6840804fc2723e5945a05c51186f195d23be8c6cc9e1b7	arch/um/os-Linux/time.c	100644	13ebc86918d4421a83ee75660e03c67fe6c2c96a	0907376de35683f3928c038deee788cd5f75c25b
patch	0005-um-call-getrandom-directly-where-libc-has-no-wrapper.patch	9f9ca09f1df673fbcfaff2bb221ea37de0cdfe61a6f96bf41e21c133f7526948	arch/um/os-Linux/util.c	100644	e3ad71a0d13c41456064545aec8b9a35570f0300	2c6264f4ef090e3c300d582efeaf6e9534b0a8f2
patch	0006-um-keep-the-kernel-fp-state-types-on-old-glibc.patch	7017077e4758344c3d62d80c7861e63640482ec936549d36a4512c5307467281	arch/x86/um/os-Linux/mcontext.c	100644	b1580df80b3fca2b0f8d78df498fff0f5d9ed54b	83a4c0834d624f764328eb88c109275c9eb55ff1
patch	0007-um-vector-define-packet-qdisc-bypass-when-absent.patch	3a52b1f7cf33f4103d161bf247602dd2d21c134fe9ecf939e4cce9133d7de40f	arch/um/drivers/vector_user.c	100644	9152bac727073ff8eb9aa6d403b4919495154e46	eb1ab4e679a99ac58d08d14249ced3b9a1a018ed
patch	0008-hostfs-stat-without-statx-where-it-is-unavailable.patch	d6f629b3d747342ac86e5c48d78dea0f28cfc0575b1fbacfde817328e9c68294	fs/hostfs/hostfs_user.c	100644	3bcd9f35e70b22c3ff1d81aa07b75a09933bc72b	d86a691b201649c6611fbab4d9e0f4e21c0cae2c
patch	0009-um-clone-without-disturbing-the-libc-id-cache.patch	a316e4354c27ee954cfcbaa26806fbe873dd9375b7d2a409553d7d2d3c2507b0	arch/x86/um/shared/sysdep/stub_64.h	100644	9fd56954e2e076fc6d8f2f50c28be52909edbb59	01399b6241ad4ae775a5ad7450f4b10f3e019844
patch	0010-um-probe-seccomp-with-the-syscall-the-filter-names.patch	88df7b1fa243dba4168b51ba233a0b7a9581e04206ff33b5f70b9f3562763427	arch/um/os-Linux/start_up.c	100644	054ac03bbf5eebef1a25d853e6ab9d18e1ad1841	17bcba9c25dba1672f76b614730c4bf296788f64
patch	0011-um-launch-the-stub-without-execveat-or-close-range.patch	7a9522288623abee093bfd8920caba3bfcc2ae698ad9200cb9ecd952113e3120	arch/um/os-Linux/skas/process.c	100644	aced69dc4aab3637af2e8845394e12b24403baa9	96b2c3ffd018170a7820a676fc8ed44cb171d786
patch	0012-um-close-the-stub-mapping-descriptors-without-close-range.patch	bb4a2988150ce60754f4d52899a435cb7bde75a4cad1c3559f7ce2ff0968d89a	arch/um/kernel/skas/stub_exe.c	100644	cbafaa684e66eb2dd6a448d47377a947072cf0d0	d00e9717b56e1e210a478c98bb4c2ab8825bf778
patch	0013-um-run-driver-helpers-without-disturbing-the-id-cache.patch	7499b43c267179b63acfe676f6776795d2a054c1b28305e8701e17a92957e622	arch/um/os-Linux/helper.c	100644	89c2ad2a4e3acb3c86b885e77f932d9ff46898f7	e56827213ca981be0c0a3e8436cf4b2180e2aba3
patch	0014-um-deliver-ipis-without-the-libc-pid-cache.patch	553945cd81acab61ca57425341d2c3f1ce74eb1f4611143f5d1564d17f4c4f76	arch/um/os-Linux/smp.c	100644	18d3858a7cd2945a48b18387919f66d84c5c10c8	be2923ef82fafbc7c3f3b8a4a2df4251fb424e4b
patched-tree	a2c81478dd3a13b7d67b603260e71e08981ebd2b
patched-manifest	4035a843465dbdb9b15e65e76bb86e33ef3eb1bd8cb5c45959cfc764f94d14d1
